# THIS IS AN AUTOGENERATED FILE. DO NOT EDIT THIS FILE DIRECTLY.
# yarn lockfile v1


"@stripe/stripe-js@^1.15.0":
  version "1.15.0"
  resolved "https://registry.yarnpkg.com/@stripe/stripe-js/-/stripe-js-1.15.0.tgz#86178cfbe66151910b09b03595e60048ab4c698e"
  integrity sha512-KQsNPc+uVQkc8dewwz1A6uHOWeU2cWoZyNIbsx5mtmperr5TPxw4u8M20WOa22n6zmIOh/zLdzEe8DYK/0IjBw==
